
Microsoft Visual Studio Solution File, Format Version 12.00
# Visual Studio Version 16
VisualStudioVersion = 16.0.31515.178
MinimumVisualStudioVersion = 10.0.40219.1
Project("{FAE04EC0-301F-11D3-BF4B-00C04F79EFBC}") = "CoinHunter", "CoinHunter\CoinHunter.csproj", "{B3CCEACD-7ACF-4CA5-BFF8-B27C1EF52F6D}"
EndProject
Global
	GlobalSection(SolutionConfigurationPlatforms) = preSolution
		Debug|Any CPU = Debug|Any CPU
		Release|Any CPU = Release|Any CPU
	EndGlobalSection
	GlobalSection(ProjectConfigurationPlatforms) = postSolution
		{B3CCEACD-7ACF-4CA5-BFF8-B27C1EF52F6D}.Debug|Any CPU.ActiveCfg = Debug|Any CPU
		{B3CCEACD-7ACF-4CA5-BFF8-B27C1EF52F6D}.Debug|Any CPU.Build.0 = Debug|Any CPU
		{B3CCEACD-7ACF-4CA5-BFF8-B27C1EF52F6D}.Release|Any CPU.ActiveCfg = Release|Any CPU
		{B3CCEACD-7ACF-4CA5-BFF8-B27C1EF52F6D}.Release|Any CPU.Build.0 = Release|Any CPU
	EndGlobalSection
	GlobalSection(SolutionProperties) = preSolution
		HideSolutionNode = FALSE
	EndGlobalSection
	GlobalSection(ExtensibilityGlobals) = postSolution
		SolutionGuid = {04F9C2DE-97D7-40C2-9549-A73E681E9088}
	EndGlobalSection
EndGlobal
